
Microsoft Visual Studio Solution File, Format Version 12.00
# Visual Studio 15
VisualStudioVersion = 15.0.28307.168
MinimumVisualStudioVersion = 10.0.40219.1
Project("{8BC9CEB8-8B4A-11D0-8D11-00A0C91BC942}") = "EnemyTableFormatter", "EnemyTableFormatter\EnemyTableFormatter.vcxproj", "{4D747E1B-5861-4342-8B6C-7F83C8CCBFF6}"
EndProject
Global
	GlobalSection(SolutionConfigurationPlatforms) = preSolution
		Debug|x64 = Debug|x64
		Debug|x86 = Debug|x86
		Release|x64 = Release|x64
		Release|x86 = Release|x86
	EndGlobalSection
	GlobalSection(ProjectConfigurationPlatforms) = postSolution
		{4D747E1B-5861-4342-8B6C-7F83C8CCBFF6}.Debug|x64.ActiveCfg = Debug|x64
		{4D747E1B-5861-4342-8B6C-7F83C8CCBFF6}.Debug|x64.Build.0 = Debug|x64
		{4D747E1B-5861-4342-8B6C-7F83C8CCBFF6}.Debug|x86.ActiveCfg = Debug|Win32
		{4D747E1B-5861-4342-8B6C-7F83C8CCBFF6}.Debug|x86.Build.0 = Debug|Win32
		{4D747E1B-5861-4342-8B6C-7F83C8CCBFF6}.Release|x64.ActiveCfg = Release|x64
		{4D747E1B-5861-4342-8B6C-7F83C8CCBFF6}.Release|x64.Build.0 = Release|x64
		{4D747E1B-5861-4342-8B6C-7F83C8CCBFF6}.Release|x86.ActiveCfg = Release|Win32
		{4D747E1B-5861-4342-8B6C-7F83C8CCBFF6}.Release|x86.Build.0 = Release|Win32
	EndGlobalSection
	GlobalSection(SolutionProperties) = preSolution
		HideSolutionNode = FALSE
	EndGlobalSection
	GlobalSection(ExtensibilityGlobals) = postSolution
		SolutionGuid = {578ED028-8893-4F68-B1B9-F58820AA6689}
	EndGlobalSection
EndGlobal
